
Microsoft Visual Studio Solution File, Format Version 12.00
# Visual Studio Version 17
VisualStudioVersion = 17.9.34728.123
MinimumVisualStudioVersion = 10.0.40219.1
Project("{FAE04EC0-301F-11D3-BF4B-00C04F79EFBC}") = "SimpleNoteApp", "SimpleNoteApp\SimpleNoteApp.csproj", "{9B9333E9-156C-4009-A2B0-1F47E0FA4322}"
EndProject
Global
	GlobalSection(SolutionConfigurationPlatforms) = preSolution
		Debug|Any CPU = Debug|Any CPU
		Release|Any CPU = Release|Any CPU
	EndGlobalSection
	GlobalSection(ProjectConfigurationPlatforms) = postSolution
		{9B9333E9-156C-4009-A2B0-1F47E0FA4322}.Debug|Any CPU.ActiveCfg = Debug|Any CPU
		{9B9333E9-156C-4009-A2B0-1F47E0FA4322}.Debug|Any CPU.Build.0 = Debug|Any CPU
		{9B9333E9-156C-4009-A2B0-1F47E0FA4322}.Release|Any CPU.ActiveCfg = Release|Any CPU
		{9B9333E9-156C-4009-A2B0-1F47E0FA4322}.Release|Any CPU.Build.0 = Release|Any CPU
	EndGlobalSection
	GlobalSection(SolutionProperties) = preSolution
		HideSolutionNode = FALSE
	EndGlobalSection
	GlobalSection(ExtensibilityGlobals) = postSolution
		SolutionGuid = {FCC36F96-91E3-47D4-BECE-61C7650975F0}
	EndGlobalSection
EndGlobal
